
Microsoft Visual Studio Solution File, Format Version 12.00
# Visual Studio Version 17
VisualStudioVersion = 17.8.34601.278
MinimumVisualStudioVersion = 10.0.40219.1
Project("{9A19103F-16F7-4668-BE54-9A1E7A4F7556}") = "project_41_FirstMissingPositive", "project_41_FirstMissingPositive\project_41_FirstMissingPositive.csproj", "{2C64F053-ABE6-484C-9824-54D81166FF04}"
EndProject
Project("{9A19103F-16F7-4668-BE54-9A1E7A4F7556}") = "project_41_FirstMissingPositive_2", "project_41_FirstMissingPositive_2\project_41_FirstMissingPositive_2.csproj", "{02A7FBE3-6A45-48BD-B605-23EFF5065C1B}"
EndProject
Project("{9A19103F-16F7-4668-BE54-9A1E7A4F7556}") = "project_42_TrappingRainWater", "project_42_TrappingRainWater\project_42_TrappingRainWater.csproj", "{CCE9CEE8-E9C4-43ED-8675-8C4CE7287EE4}"
EndProject
Project("{9A19103F-16F7-4668-BE54-9A1E7A4F7556}") = "project_42_TrappingRainWater_2", "project_42_TrappingRainWater_2\project_42_TrappingRainWater_2.csproj", "{24C1B825-739B-4B5E-9477-A40306D81B2B}"
EndProject
Project("{9A19103F-16F7-4668-BE54-9A1E7A4F7556}") = "project_43_Multiply Strings", "project_43_Multiply Strings\project_43_Multiply Strings.csproj", "{D13890A3-321B-435C-98DB-375C16FF4D5B}"
EndProject
Project("{9A19103F-16F7-4668-BE54-9A1E7A4F7556}") = "project_42_TrappingRainWater_3", "project_42_TrappingRainWater_3\project_42_TrappingRainWater_3.csproj", "{C5254484-1755-4650-A320-857BF57E53E6}"
EndProject
Project("{9A19103F-16F7-4668-BE54-9A1E7A4F7556}") = "project_42_TrappingRainWater_4", "project_42_TrappingRainWater_4\project_42_TrappingRainWater_4.csproj", "{4F9D7729-22E9-4360-860C-2784D503D43D}"
EndProject
Project("{9A19103F-16F7-4668-BE54-9A1E7A4F7556}") = "project_43_Multiply Strings_2", "project_43_Multiply Strings_2\project_43_Multiply Strings_2.csproj", "{917EEFA8-6D90-454C-B9AD-947226B8F59D}"
EndProject
Project("{9A19103F-16F7-4668-BE54-9A1E7A4F7556}") = "project_43_Multiply Strings_3", "project_43_Multiply Strings_3\project_43_Multiply Strings_3.csproj", "{F405C5B2-163F-4CAE-888D-CBEF46CCFEFC}"
EndProject
Project("{9A19103F-16F7-4668-BE54-9A1E7A4F7556}") = "project_43_Multiply Strings_4", "project_43_Multiply Strings_4\project_43_Multiply Strings_4.csproj", "{74F30AD2-44E6-4255-B2DA-CBB9619236E9}"
EndProject
Project("{9A19103F-16F7-4668-BE54-9A1E7A4F7556}") = "project_44_WildcardMatching", "project_44_WildcardMatching\project_44_WildcardMatching.csproj", "{F8274673-7C72-4E1E-88B0-1E33FE16BAF2}"
EndProject
Project("{9A19103F-16F7-4668-BE54-9A1E7A4F7556}") = "project_44_WildcardMatching_2", "project_44_WildcardMatching_2\project_44_WildcardMatching_2.csproj", "{E299109F-03F9-41C7-8F7F-DA5051E3639B}"
EndProject
Project("{9A19103F-16F7-4668-BE54-9A1E7A4F7556}") = "project_44_WildcardMatching_3", "project_44_WildcardMatching_3\project_44_WildcardMatching_3.csproj", "{514D1DC5-E467-48BE-B0D1-C8CAD50E92A2}"
EndProject
Project("{9A19103F-16F7-4668-BE54-9A1E7A4F7556}") = "project_45_Jump Game II", "project_45_Jump Game II\project_45_Jump Game II.csproj", "{44889FCC-D7CA-4F2B-97E5-DC64065CC37E}"
EndProject
Project("{9A19103F-16F7-4668-BE54-9A1E7A4F7556}") = "project_45_Jump Game II_2", "project_45_Jump Game II_2\project_45_Jump Game II_2.csproj", "{046DDB73-E6F9-4CC0-A5AE-0862BE7B1C9D}"
EndProject
Project("{FAE04EC0-301F-11D3-BF4B-00C04F79EFBC}") = "project_45_Jump Game II_3", "project_45_Jump Game II_3\project_45_Jump Game II_3.csproj", "{EA46DF11-559F-46F5-8385-B510E82BD31B}"
EndProject
Project("{FAE04EC0-301F-11D3-BF4B-00C04F79EFBC}") = "project_45_Jump Game II_4", "project_45_Jump Game II_4\project_45_Jump Game II_4.csproj", "{0BC68EDC-286E-4E8D-9B79-26E305BE299C}"
EndProject
Global
	GlobalSection(SolutionConfigurationPlatforms) = preSolution
		Debug|Any CPU = Debug|Any CPU
		Release|Any CPU = Release|Any CPU
	EndGlobalSection
	GlobalSection(ProjectConfigurationPlatforms) = postSolution
		{2C64F053-ABE6-484C-9824-54D81166FF04}.Debug|Any CPU.ActiveCfg = Debug|Any CPU
		{2C64F053-ABE6-484C-9824-54D81166FF04}.Debug|Any CPU.Build.0 = Debug|Any CPU
		{2C64F053-ABE6-484C-9824-54D81166FF04}.Release|Any CPU.ActiveCfg = Release|Any CPU
		{2C64F053-ABE6-484C-9824-54D81166FF04}.Release|Any CPU.Build.0 = Release|Any CPU
		{02A7FBE3-6A45-48BD-B605-23EFF5065C1B}.Debug|Any CPU.ActiveCfg = Debug|Any CPU
		{02A7FBE3-6A45-48BD-B605-23EFF5065C1B}.Debug|Any CPU.Build.0 = Debug|Any CPU
		{02A7FBE3-6A45-48BD-B605-23EFF5065C1B}.Release|Any CPU.ActiveCfg = Release|Any CPU
		{02A7FBE3-6A45-48BD-B605-23EFF5065C1B}.Release|Any CPU.Build.0 = Release|Any CPU
		{CCE9CEE8-E9C4-43ED-8675-8C4CE7287EE4}.Debug|Any CPU.ActiveCfg = Debug|Any CPU
		{CCE9CEE8-E9C4-43ED-8675-8C4CE7287EE4}.Debug|Any CPU.Build.0 = Debug|Any CPU
		{CCE9CEE8-E9C4-43ED-8675-8C4CE7287EE4}.Release|Any CPU.ActiveCfg = Release|Any CPU
		{CCE9CEE8-E9C4-43ED-8675-8C4CE7287EE4}.Release|Any CPU.Build.0 = Release|Any CPU
		{24C1B825-739B-4B5E-9477-A40306D81B2B}.Debug|Any CPU.ActiveCfg = Debug|Any CPU
		{24C1B825-739B-4B5E-9477-A40306D81B2B}.Debug|Any CPU.Build.0 = Debug|Any CPU
		{24C1B825-739B-4B5E-9477-A40306D81B2B}.Release|Any CPU.ActiveCfg = Release|Any CPU
		{24C1B825-739B-4B5E-9477-A40306D81B2B}.Release|Any CPU.Build.0 = Release|Any CPU
		{D13890A3-321B-435C-98DB-375C16FF4D5B}.Debug|Any CPU.ActiveCfg = Debug|Any CPU
		{D13890A3-321B-435C-98DB-375C16FF4D5B}.Debug|Any CPU.Build.0 = Debug|Any CPU
		{D13890A3-321B-435C-98DB-375C16FF4D5B}.Release|Any CPU.ActiveCfg = Release|Any CPU
		{D13890A3-321B-435C-98DB-375C16FF4D5B}.Release|Any CPU.Build.0 = Release|Any CPU
		{C5254484-1755-4650-A320-857BF57E53E6}.Debug|Any CPU.ActiveCfg = Debug|Any CPU
		{C5254484-1755-4650-A320-857BF57E53E6}.Debug|Any CPU.Build.0 = Debug|Any CPU
		{C5254484-1755-4650-A320-857BF57E53E6}.Release|Any CPU.ActiveCfg = Release|Any CPU
		{C5254484-1755-4650-A320-857BF57E53E6}.Release|Any CPU.Build.0 = Release|Any CPU
		{4F9D7729-22E9-4360-860C-2784D503D43D}.Debug|Any CPU.ActiveCfg = Debug|Any CPU
		{4F9D7729-22E9-4360-860C-2784D503D43D}.Debug|Any CPU.Build.0 = Debug|Any CPU
		{4F9D7729-22E9-4360-860C-2784D503D43D}.Release|Any CPU.ActiveCfg = Release|Any CPU
		{4F9D7729-22E9-4360-860C-2784D503D43D}.Release|Any CPU.Build.0 = Release|Any CPU
		{917EEFA8-6D90-454C-B9AD-947226B8F59D}.Debug|Any CPU.ActiveCfg = Debug|Any CPU
		{917EEFA8-6D90-454C-B9AD-947226B8F59D}.Debug|Any CPU.Build.0 = Debug|Any CPU
		{917EEFA8-6D90-454C-B9AD-947226B8F59D}.Release|Any CPU.ActiveCfg = Release|Any CPU
		{917EEFA8-6D90-454C-B9AD-947226B8F59D}.Release|Any CPU.Build.0 = Release|Any CPU
		{F405C5B2-163F-4CAE-888D-CBEF46CCFEFC}.Debug|Any CPU.ActiveCfg = Debug|Any CPU
		{F405C5B2-163F-4CAE-888D-CBEF46CCFEFC}.Debug|Any CPU.Build.0 = Debug|Any CPU
		{F405C5B2-163F-4CAE-888D-CBEF46CCFEFC}.Release|Any CPU.ActiveCfg = Release|Any CPU
		{F405C5B2-163F-4CAE-888D-CBEF46CCFEFC}.Release|Any CPU.Build.0 = Release|Any CPU
		{74F30AD2-44E6-4255-B2DA-CBB9619236E9}.Debug|Any CPU.ActiveCfg = Debug|Any CPU
		{74F30AD2-44E6-4255-B2DA-CBB9619236E9}.Debug|Any CPU.Build.0 = Debug|Any CPU
		{74F30AD2-44E6-4255-B2DA-CBB9619236E9}.Release|Any CPU.ActiveCfg = Release|Any CPU
		{74F30AD2-44E6-4255-B2DA-CBB9619236E9}.Release|Any CPU.Build.0 = Release|Any CPU
		{F8274673-7C72-4E1E-88B0-1E33FE16BAF2}.Debug|Any CPU.ActiveCfg = Debug|Any CPU
		{F8274673-7C72-4E1E-88B0-1E33FE16BAF2}.Debug|Any CPU.Build.0 = Debug|Any CPU
		{F8274673-7C72-4E1E-88B0-1E33FE16BAF2}.Release|Any CPU.ActiveCfg = Release|Any CPU
		{F8274673-7C72-4E1E-88B0-1E33FE16BAF2}.Release|Any CPU.Build.0 = Release|Any CPU
		{E299109F-03F9-41C7-8F7F-DA5051E3639B}.Debug|Any CPU.ActiveCfg = Debug|Any CPU
		{E299109F-03F9-41C7-8F7F-DA5051E3639B}.Debug|Any CPU.Build.0 = Debug|Any CPU
		{E299109F-03F9-41C7-8F7F-DA5051E3639B}.Release|Any CPU.ActiveCfg = Release|Any CPU
		{E299109F-03F9-41C7-8F7F-DA5051E3639B}.Release|Any CPU.Build.0 = Release|Any CPU
		{514D1DC5-E467-48BE-B0D1-C8CAD50E92A2}.Debug|Any CPU.ActiveCfg = Debug|Any CPU
		{514D1DC5-E467-48BE-B0D1-C8CAD50E92A2}.Debug|Any CPU.Build.0 = Debug|Any CPU
		{514D1DC5-E467-48BE-B0D1-C8CAD50E92A2}.Release|Any CPU.ActiveCfg = Release|Any CPU
		{514D1DC5-E467-48BE-B0D1-C8CAD50E92A2}.Release|Any CPU.Build.0 = Release|Any CPU
		{44889FCC-D7CA-4F2B-97E5-DC64065CC37E}.Debug|Any CPU.ActiveCfg = Debug|Any CPU
		{44889FCC-D7CA-4F2B-97E5-DC64065CC37E}.Debug|Any CPU.Build.0 = Debug|Any CPU
		{44889FCC-D7CA-4F2B-97E5-DC64065CC37E}.Release|Any CPU.ActiveCfg = Release|Any CPU
		{44889FCC-D7CA-4F2B-97E5-DC64065CC37E}.Release|Any CPU.Build.0 = Release|Any CPU
		{046DDB73-E6F9-4CC0-A5AE-0862BE7B1C9D}.Debug|Any CPU.ActiveCfg = Debug|Any CPU
		{046DDB73-E6F9-4CC0-A5AE-0862BE7B1C9D}.Debug|Any CPU.Build.0 = Debug|Any CPU
		{046DDB73-E6F9-4CC0-A5AE-0862BE7B1C9D}.Release|Any CPU.ActiveCfg = Release|Any CPU
		{046DDB73-E6F9-4CC0-A5AE-0862BE7B1C9D}.Release|Any CPU.Build.0 = Release|Any CPU
		{EA46DF11-559F-46F5-8385-B510E82BD31B}.Debug|Any CPU.ActiveCfg = Debug|Any CPU
		{EA46DF11-559F-46F5-8385-B510E82BD31B}.Debug|Any CPU.Build.0 = Debug|Any CPU
		{EA46DF11-559F-46F5-8385-B510E82BD31B}.Release|Any CPU.ActiveCfg = Release|Any CPU
		{EA46DF11-559F-46F5-8385-B510E82BD31B}.Release|Any CPU.Build.0 = Release|Any CPU
		{0BC68EDC-286E-4E8D-9B79-26E305BE299C}.Debug|Any CPU.ActiveCfg = Debug|Any CPU
		{0BC68EDC-286E-4E8D-9B79-26E305BE299C}.Debug|Any CPU.Build.0 = Debug|Any CPU
		{0BC68EDC-286E-4E8D-9B79-26E305BE299C}.Release|Any CPU.ActiveCfg = Release|Any CPU
		{0BC68EDC-286E-4E8D-9B79-26E305BE299C}.Release|Any CPU.Build.0 = Release|Any CPU
	EndGlobalSection
	GlobalSection(SolutionProperties) = preSolution
		HideSolutionNode = FALSE
	EndGlobalSection
	GlobalSection(ExtensibilityGlobals) = postSolution
		SolutionGuid = {C970BC47-BDC6-4769-B2D9-BCB978038B1A}
	EndGlobalSection
EndGlobal
