
Microsoft Visual Studio Solution File, Format Version 12.00
# Visual Studio Version 17
VisualStudioVersion = 17.8.34601.278
MinimumVisualStudioVersion = 10.0.40219.1
Project("{9A19103F-16F7-4668-BE54-9A1E7A4F7556}") = "project_41_FirstMissingPositive", "project_41_FirstMissingPositive\project_41_FirstMissingPositive.csproj", "{2C64F053-ABE6-484C-9824-54D81166FF04}"
EndProject
Project("{9A19103F-16F7-4668-BE54-9A1E7A4F7556}") = "project_41_FirstMissingPositive_2", "project_41_FirstMissingPositive_2\project_41_FirstMissingPositive_2.csproj", "{02A7FBE3-6A45-48BD-B605-23EFF5065C1B}"
EndProject
Project("{9A19103F-16F7-4668-BE54-9A1E7A4F7556}") = "project_42_TrappingRainWater", "project_42_TrappingRainWater\project_42_TrappingRainWater.csproj", "{CCE9CEE8-E9C4-43ED-8675-8C4CE7287EE4}"
EndProject
Project("{9A19103F-16F7-4668-BE54-9A1E7A4F7556}") = "project_42_TrappingRainWater_2", "project_42_TrappingRainWater_2\project_42_TrappingRainWater_2.csproj", "{24C1B825-739B-4B5E-9477-A40306D81B2B}"
EndProject
Project("{9A19103F-16F7-4668-BE54-9A1E7A4F7556}") = "project_43_Multiply Strings", "project_43_Multiply Strings\project_43_Multiply Strings.csproj", "{D13890A3-321B-435C-98DB-375C16FF4D5B}"
EndProject
Project("{9A19103F-16F7-4668-BE54-9A1E7A4F7556}") = "project_42_TrappingRainWater_3", "project_42_TrappingRainWater_3\project_42_TrappingRainWater_3.csproj", "{C5254484-1755-4650-A320-857BF57E53E6}"
EndProject
Project("{9A19103F-16F7-4668-BE54-9A1E7A4F7556}") = "project_42_TrappingRainWater_4", "project_42_TrappingRainWater_4\project_42_TrappingRainWater_4.csproj", "{4F9D7729-22E9-4360-860C-2784D503D43D}"
EndProject
Project("{9A19103F-16F7-4668-BE54-9A1E7A4F7556}") = "project_43_Multiply Strings_2", "project_43_Multiply Strings_2\project_43_Multiply Strings_2.csproj", "{917EEFA8-6D90-454C-B9AD-947226B8F59D}"
EndProject
Project("{9A19103F-16F7-4668-BE54-9A1E7A4F7556}") = "project_43_Multiply Strings_3", "project_43_Multiply Strings_3\project_43_Multiply Strings_3.csproj", "{F405C5B2-163F-4CAE-888D-CBEF46CCFEFC}"
EndProject
Project("{9A19103F-16F7-4668-BE54-9A1E7A4F7556}") = "project_43_Multiply Strings_4", "project_43_Multiply Strings_4\project_43_Multiply Strings_4.csproj", "{74F30AD2-44E6-4255-B2DA-CBB9619236E9}"
EndProject
Project("{9A19103F-16F7-4668-BE54-9A1E7A4F7556}") = "project_44_WildcardMatching", "project_44_WildcardMatching\project_44_WildcardMatching.csproj", "{F8274673-7C72-4E1E-88B0-1E33FE16BAF2}"
EndProject
Project("{9A19103F-16F7-4668-BE54-9A1E7A4F7556}") = "project_44_WildcardMatching_2", "project_44_WildcardMatching_2\project_44_WildcardMatching_2.csproj", "{E299109F-03F9-41C7-8F7F-DA5051E3639B}"
EndProject
Project("{9A19103F-16F7-4668-BE54-9A1E7A4F7556}") = "project_44_WildcardMatching_3", "project_44_WildcardMatching_3\project_44_WildcardMatching_3.csproj", "{514D1DC5-E467-48BE-B0D1-C8CAD50E92A2}"
EndProject
Project("{9A19103F-16F7-4668-BE54-9A1E7A4F7556}") = "project_45_Jump Game II", "project_45_Jump Game II\project_45_Jump Game II.csproj", "{44889FCC-D7CA-4F2B-97E5-DC64065CC37E}"
EndProject
Project("{9A19103F-16F7-4668-BE54-9A1E7A4F7556}") = "project_45_Jump Game II_2", "project_45_Jump Game II_2\project_45_Jump Game II_2.csproj", "{046DDB73-E6F9-4CC0-A5AE-0862BE7B1C9D}"
EndProject
Project("{9A19103F-16F7-4668-BE54-9A1E7A4F7556}") = "project_45_Jump Game II_3", "project_45_Jump Game II_3\project_45_Jump Game II_3.csproj", "{EA46DF11-559F-46F5-8385-B510E82BD31B}"
EndProject
Project("{9A19103F-16F7-4668-BE54-9A1E7A4F7556}") = "project_45_Jump Game II_4", "project_45_Jump Game II_4\project_45_Jump Game II_4.csproj", "{0BC68EDC-286E-4E8D-9B79-26E305BE299C}"
EndProject
Project("{9A19103F-16F7-4668-BE54-9A1E7A4F7556}") = "project_46_Permutations", "project_46_Permutations\project_46_Permutations.csproj", "{81A3E058-091B-4EBE-8496-2EA814E94A01}"
EndProject
Project("{9A19103F-16F7-4668-BE54-9A1E7A4F7556}") = "project_46_Permutations_2", "project_46_Permutations_2\project_46_Permutations_2.csproj", "{6A13B64D-9F8D-4A62-95BE-258DB5C0918B}"
EndProject
Project("{9A19103F-16F7-4668-BE54-9A1E7A4F7556}") = "project_46_Permutations_3", "project_46_Permutations_3\project_46_Permutations_3.csproj", "{E03C7789-95E2-4EF6-BA05-5819F640741A}"
EndProject
Project("{9A19103F-16F7-4668-BE54-9A1E7A4F7556}") = "project_46_Permutations_4", "project_46_Permutations_4\project_46_Permutations_4.csproj", "{AAE7BAA6-103F-4C9C-9149-9A47C2CBC51C}"
EndProject
Project("{9A19103F-16F7-4668-BE54-9A1E7A4F7556}") = "project_46_Permutations_5", "project_46_Permutations_5\project_46_Permutations_5.csproj", "{DDBA7151-0A0D-4F79-8108-790593AC1251}"
EndProject
Project("{9A19103F-16F7-4668-BE54-9A1E7A4F7556}") = "project_46_Permutations_6", "project_46_Permutations_6\project_46_Permutations_6.csproj", "{7203774B-0930-4AB0-9FD8-B650A857E3BB}"
EndProject
Project("{9A19103F-16F7-4668-BE54-9A1E7A4F7556}") = "project_46_Permutations_7", "project_46_Permutations_7\project_46_Permutations_7.csproj", "{B242D637-4280-49DC-906B-F4B200B3AEA8}"
EndProject
Project("{9A19103F-16F7-4668-BE54-9A1E7A4F7556}") = "project_47_Permutations II", "project_47_Permutations II\project_47_Permutations II.csproj", "{E836705D-DF80-4B01-A845-FC1E06FB0C0F}"
EndProject
Project("{9A19103F-16F7-4668-BE54-9A1E7A4F7556}") = "project_47_Permutations II_2", "project_47_Permutations II_2\project_47_Permutations II_2.csproj", "{BF5E76E2-A18D-41E7-B23C-80AB685863DE}"
EndProject
Project("{9A19103F-16F7-4668-BE54-9A1E7A4F7556}") = "project_47_Permutations II_3", "project_47_Permutations II_3\project_47_Permutations II_3.csproj", "{2462BBD4-DDEF-44B5-A933-0CEAF28720EC}"
EndProject
Project("{9A19103F-16F7-4668-BE54-9A1E7A4F7556}") = "project_47_Permutations II_4", "project_47_Permutations II_4\project_47_Permutations II_4.csproj", "{DEA0EF16-B10E-4DF7-BABC-2424ADD04E86}"
EndProject
Project("{9A19103F-16F7-4668-BE54-9A1E7A4F7556}") = "project_47_Permutations II_5", "project_47_Permutations II_5\project_47_Permutations II_5.csproj", "{57225877-7D1F-4EC5-B2A4-2CF9D4DD3EF4}"
EndProject
Project("{9A19103F-16F7-4668-BE54-9A1E7A4F7556}") = "project_48_Rotate Image", "project_48_Rotate Image\project_48_Rotate Image.csproj", "{2D3D07AE-CA4C-4340-99BD-F4ABC42B7DBF}"
EndProject
Project("{9A19103F-16F7-4668-BE54-9A1E7A4F7556}") = "project_48_Rotate Image_2", "project_48_Rotate Image_2\project_48_Rotate Image_2.csproj", "{9B11A02A-E1B5-4730-B567-E71703995E4C}"
EndProject
Project("{9A19103F-16F7-4668-BE54-9A1E7A4F7556}") = "project_48_Rotate Image_3", "project_48_Rotate Image_3\project_48_Rotate Image_3.csproj", "{7950430E-992E-4ACC-AA19-50471026ECA0}"
EndProject
Project("{9A19103F-16F7-4668-BE54-9A1E7A4F7556}") = "project_48_Rotate Image_4", "project_48_Rotate Image_4\project_48_Rotate Image_4.csproj", "{028082D0-1A2B-423F-B921-7A3D210E7A21}"
EndProject
Project("{9A19103F-16F7-4668-BE54-9A1E7A4F7556}") = "project_49_Group Anagrams", "project_49_Group Anagrams\project_49_Group Anagrams.csproj", "{8928528F-EAC5-4DD7-95BD-E28352998894}"
EndProject
Project("{9A19103F-16F7-4668-BE54-9A1E7A4F7556}") = "project_49_Group Anagrams_2", "project_49_Group Anagrams_2\project_49_Group Anagrams_2.csproj", "{DF95CBA2-E111-4D4D-99FC-047AA8869F23}"
EndProject
Project("{9A19103F-16F7-4668-BE54-9A1E7A4F7556}") = "project_49_Group Anagrams_3", "project_49_Group Anagrams_3\project_49_Group Anagrams_3.csproj", "{9EF306C7-E0FA-4559-A88E-16EA829D6065}"
EndProject
Project("{9A19103F-16F7-4668-BE54-9A1E7A4F7556}") = "project_50_Pow(x,n)", "project_50_Pow(x,n)\project_50_Pow(x,n).csproj", "{E12B46D1-CC9E-4659-948C-09DD1378AF36}"
EndProject
Project("{9A19103F-16F7-4668-BE54-9A1E7A4F7556}") = "project_51_N-Queens", "project_51_N-Queens\project_51_N-Queens.csproj", "{BC2D49E3-5DD9-4DEC-A1E9-ABDD39EF4751}"
EndProject
Project("{9A19103F-16F7-4668-BE54-9A1E7A4F7556}") = "project_52_N-Queens II", "project_52_N-Queens II\project_52_N-Queens II.csproj", "{5A193B2B-2157-442A-9D9B-E9956C2CC6A8}"
EndProject
Project("{9A19103F-16F7-4668-BE54-9A1E7A4F7556}") = "project_51_N-Queens_2", "project_51_N-Queens_2\project_51_N-Queens_2.csproj", "{D27FB49F-7B7F-44C9-8741-6E366A74C829}"
EndProject
Project("{9A19103F-16F7-4668-BE54-9A1E7A4F7556}") = "project_51_N-Queens_3", "project_51_N-Queens_3\project_51_N-Queens_3.csproj", "{6B6E99C3-55BF-480A-B14F-1E318E4ADC58}"
EndProject
Project("{9A19103F-16F7-4668-BE54-9A1E7A4F7556}") = "project_51_N-Queens_4", "project_51_N-Queens_4\project_51_N-Queens_4.csproj", "{0D3DF658-2716-47FD-BBB2-051A70B62130}"
EndProject
Project("{9A19103F-16F7-4668-BE54-9A1E7A4F7556}") = "project_51_N-Queens_5", "project_51_N-Queens_5\project_51_N-Queens_5.csproj", "{105838BC-B7ED-4EC9-8630-9A6A65EA3910}"
EndProject
Project("{9A19103F-16F7-4668-BE54-9A1E7A4F7556}") = "project_53_Maximum Subarray", "project_53_Maximum Subarray\project_53_Maximum Subarray.csproj", "{263BBBC4-8D86-4FFF-A2D2-DC57833F87FE}"
EndProject
Project("{9A19103F-16F7-4668-BE54-9A1E7A4F7556}") = "project_53_Maximum Subarray_2", "project_53_Maximum Subarray_2\project_53_Maximum Subarray_2.csproj", "{9CDF374A-1787-4C4D-A739-41E29FBE7109}"
EndProject
Project("{9A19103F-16F7-4668-BE54-9A1E7A4F7556}") = "project_54_Spiral Matrix", "project_54_Spiral Matrix\project_54_Spiral Matrix.csproj", "{52BDBD36-9F0A-44EB-BA62-7E4046DFF826}"
EndProject
Project("{9A19103F-16F7-4668-BE54-9A1E7A4F7556}") = "project_54_Spiral Matrix_2", "project_54_Spiral Matrix_2\project_54_Spiral Matrix_2.csproj", "{DCB17128-F33E-4D4E-AC02-EFCA23B49613}"
EndProject
Project("{FAE04EC0-301F-11D3-BF4B-00C04F79EFBC}") = "project_54_Spiral Matrix_3", "project_54_Spiral Matrix_3\project_54_Spiral Matrix_3.csproj", "{0E13663A-A658-450A-90CF-1B1B92CE80F5}"
EndProject
Global
	GlobalSection(SolutionConfigurationPlatforms) = preSolution
		Debug|Any CPU = Debug|Any CPU
		Release|Any CPU = Release|Any CPU
	EndGlobalSection
	GlobalSection(ProjectConfigurationPlatforms) = postSolution
		{2C64F053-ABE6-484C-9824-54D81166FF04}.Debug|Any CPU.ActiveCfg = Debug|Any CPU
		{2C64F053-ABE6-484C-9824-54D81166FF04}.Debug|Any CPU.Build.0 = Debug|Any CPU
		{2C64F053-ABE6-484C-9824-54D81166FF04}.Release|Any CPU.ActiveCfg = Release|Any CPU
		{2C64F053-ABE6-484C-9824-54D81166FF04}.Release|Any CPU.Build.0 = Release|Any CPU
		{02A7FBE3-6A45-48BD-B605-23EFF5065C1B}.Debug|Any CPU.ActiveCfg = Debug|Any CPU
		{02A7FBE3-6A45-48BD-B605-23EFF5065C1B}.Debug|Any CPU.Build.0 = Debug|Any CPU
		{02A7FBE3-6A45-48BD-B605-23EFF5065C1B}.Release|Any CPU.ActiveCfg = Release|Any CPU
		{02A7FBE3-6A45-48BD-B605-23EFF5065C1B}.Release|Any CPU.Build.0 = Release|Any CPU
		{CCE9CEE8-E9C4-43ED-8675-8C4CE7287EE4}.Debug|Any CPU.ActiveCfg = Debug|Any CPU
		{CCE9CEE8-E9C4-43ED-8675-8C4CE7287EE4}.Debug|Any CPU.Build.0 = Debug|Any CPU
		{CCE9CEE8-E9C4-43ED-8675-8C4CE7287EE4}.Release|Any CPU.ActiveCfg = Release|Any CPU
		{CCE9CEE8-E9C4-43ED-8675-8C4CE7287EE4}.Release|Any CPU.Build.0 = Release|Any CPU
		{24C1B825-739B-4B5E-9477-A40306D81B2B}.Debug|Any CPU.ActiveCfg = Debug|Any CPU
		{24C1B825-739B-4B5E-9477-A40306D81B2B}.Debug|Any CPU.Build.0 = Debug|Any CPU
		{24C1B825-739B-4B5E-9477-A40306D81B2B}.Release|Any CPU.ActiveCfg = Release|Any CPU
		{24C1B825-739B-4B5E-9477-A40306D81B2B}.Release|Any CPU.Build.0 = Release|Any CPU
		{D13890A3-321B-435C-98DB-375C16FF4D5B}.Debug|Any CPU.ActiveCfg = Debug|Any CPU
		{D13890A3-321B-435C-98DB-375C16FF4D5B}.Debug|Any CPU.Build.0 = Debug|Any CPU
		{D13890A3-321B-435C-98DB-375C16FF4D5B}.Release|Any CPU.ActiveCfg = Release|Any CPU
		{D13890A3-321B-435C-98DB-375C16FF4D5B}.Release|Any CPU.Build.0 = Release|Any CPU
		{C5254484-1755-4650-A320-857BF57E53E6}.Debug|Any CPU.ActiveCfg = Debug|Any CPU
		{C5254484-1755-4650-A320-857BF57E53E6}.Debug|Any CPU.Build.0 = Debug|Any CPU
		{C5254484-1755-4650-A320-857BF57E53E6}.Release|Any CPU.ActiveCfg = Release|Any CPU
		{C5254484-1755-4650-A320-857BF57E53E6}.Release|Any CPU.Build.0 = Release|Any CPU
		{4F9D7729-22E9-4360-860C-2784D503D43D}.Debug|Any CPU.ActiveCfg = Debug|Any CPU
		{4F9D7729-22E9-4360-860C-2784D503D43D}.Debug|Any CPU.Build.0 = Debug|Any CPU
		{4F9D7729-22E9-4360-860C-2784D503D43D}.Release|Any CPU.ActiveCfg = Release|Any CPU
		{4F9D7729-22E9-4360-860C-2784D503D43D}.Release|Any CPU.Build.0 = Release|Any CPU
		{917EEFA8-6D90-454C-B9AD-947226B8F59D}.Debug|Any CPU.ActiveCfg = Debug|Any CPU
		{917EEFA8-6D90-454C-B9AD-947226B8F59D}.Debug|Any CPU.Build.0 = Debug|Any CPU
		{917EEFA8-6D90-454C-B9AD-947226B8F59D}.Release|Any CPU.ActiveCfg = Release|Any CPU
		{917EEFA8-6D90-454C-B9AD-947226B8F59D}.Release|Any CPU.Build.0 = Release|Any CPU
		{F405C5B2-163F-4CAE-888D-CBEF46CCFEFC}.Debug|Any CPU.ActiveCfg = Debug|Any CPU
		{F405C5B2-163F-4CAE-888D-CBEF46CCFEFC}.Debug|Any CPU.Build.0 = Debug|Any CPU
		{F405C5B2-163F-4CAE-888D-CBEF46CCFEFC}.Release|Any CPU.ActiveCfg = Release|Any CPU
		{F405C5B2-163F-4CAE-888D-CBEF46CCFEFC}.Release|Any CPU.Build.0 = Release|Any CPU
		{74F30AD2-44E6-4255-B2DA-CBB9619236E9}.Debug|Any CPU.ActiveCfg = Debug|Any CPU
		{74F30AD2-44E6-4255-B2DA-CBB9619236E9}.Debug|Any CPU.Build.0 = Debug|Any CPU
		{74F30AD2-44E6-4255-B2DA-CBB9619236E9}.Release|Any CPU.ActiveCfg = Release|Any CPU
		{74F30AD2-44E6-4255-B2DA-CBB9619236E9}.Release|Any CPU.Build.0 = Release|Any CPU
		{F8274673-7C72-4E1E-88B0-1E33FE16BAF2}.Debug|Any CPU.ActiveCfg = Debug|Any CPU
		{F8274673-7C72-4E1E-88B0-1E33FE16BAF2}.Debug|Any CPU.Build.0 = Debug|Any CPU
		{F8274673-7C72-4E1E-88B0-1E33FE16BAF2}.Release|Any CPU.ActiveCfg = Release|Any CPU
		{F8274673-7C72-4E1E-88B0-1E33FE16BAF2}.Release|Any CPU.Build.0 = Release|Any CPU
		{E299109F-03F9-41C7-8F7F-DA5051E3639B}.Debug|Any CPU.ActiveCfg = Debug|Any CPU
		{E299109F-03F9-41C7-8F7F-DA5051E3639B}.Debug|Any CPU.Build.0 = Debug|Any CPU
		{E299109F-03F9-41C7-8F7F-DA5051E3639B}.Release|Any CPU.ActiveCfg = Release|Any CPU
		{E299109F-03F9-41C7-8F7F-DA5051E3639B}.Release|Any CPU.Build.0 = Release|Any CPU
		{514D1DC5-E467-48BE-B0D1-C8CAD50E92A2}.Debug|Any CPU.ActiveCfg = Debug|Any CPU
		{514D1DC5-E467-48BE-B0D1-C8CAD50E92A2}.Debug|Any CPU.Build.0 = Debug|Any CPU
		{514D1DC5-E467-48BE-B0D1-C8CAD50E92A2}.Release|Any CPU.ActiveCfg = Release|Any CPU
		{514D1DC5-E467-48BE-B0D1-C8CAD50E92A2}.Release|Any CPU.Build.0 = Release|Any CPU
		{44889FCC-D7CA-4F2B-97E5-DC64065CC37E}.Debug|Any CPU.ActiveCfg = Debug|Any CPU
		{44889FCC-D7CA-4F2B-97E5-DC64065CC37E}.Debug|Any CPU.Build.0 = Debug|Any CPU
		{44889FCC-D7CA-4F2B-97E5-DC64065CC37E}.Release|Any CPU.ActiveCfg = Release|Any CPU
		{44889FCC-D7CA-4F2B-97E5-DC64065CC37E}.Release|Any CPU.Build.0 = Release|Any CPU
		{046DDB73-E6F9-4CC0-A5AE-0862BE7B1C9D}.Debug|Any CPU.ActiveCfg = Debug|Any CPU
		{046DDB73-E6F9-4CC0-A5AE-0862BE7B1C9D}.Debug|Any CPU.Build.0 = Debug|Any CPU
		{046DDB73-E6F9-4CC0-A5AE-0862BE7B1C9D}.Release|Any CPU.ActiveCfg = Release|Any CPU
		{046DDB73-E6F9-4CC0-A5AE-0862BE7B1C9D}.Release|Any CPU.Build.0 = Release|Any CPU
		{EA46DF11-559F-46F5-8385-B510E82BD31B}.Debug|Any CPU.ActiveCfg = Debug|Any CPU
		{EA46DF11-559F-46F5-8385-B510E82BD31B}.Debug|Any CPU.Build.0 = Debug|Any CPU
		{EA46DF11-559F-46F5-8385-B510E82BD31B}.Release|Any CPU.ActiveCfg = Release|Any CPU
		{EA46DF11-559F-46F5-8385-B510E82BD31B}.Release|Any CPU.Build.0 = Release|Any CPU
		{0BC68EDC-286E-4E8D-9B79-26E305BE299C}.Debug|Any CPU.ActiveCfg = Debug|Any CPU
		{0BC68EDC-286E-4E8D-9B79-26E305BE299C}.Debug|Any CPU.Build.0 = Debug|Any CPU
		{0BC68EDC-286E-4E8D-9B79-26E305BE299C}.Release|Any CPU.ActiveCfg = Release|Any CPU
		{0BC68EDC-286E-4E8D-9B79-26E305BE299C}.Release|Any CPU.Build.0 = Release|Any CPU
		{81A3E058-091B-4EBE-8496-2EA814E94A01}.Debug|Any CPU.ActiveCfg = Debug|Any CPU
		{81A3E058-091B-4EBE-8496-2EA814E94A01}.Debug|Any CPU.Build.0 = Debug|Any CPU
		{81A3E058-091B-4EBE-8496-2EA814E94A01}.Release|Any CPU.ActiveCfg = Release|Any CPU
		{81A3E058-091B-4EBE-8496-2EA814E94A01}.Release|Any CPU.Build.0 = Release|Any CPU
		{6A13B64D-9F8D-4A62-95BE-258DB5C0918B}.Debug|Any CPU.ActiveCfg = Debug|Any CPU
		{6A13B64D-9F8D-4A62-95BE-258DB5C0918B}.Debug|Any CPU.Build.0 = Debug|Any CPU
		{6A13B64D-9F8D-4A62-95BE-258DB5C0918B}.Release|Any CPU.ActiveCfg = Release|Any CPU
		{6A13B64D-9F8D-4A62-95BE-258DB5C0918B}.Release|Any CPU.Build.0 = Release|Any CPU
		{E03C7789-95E2-4EF6-BA05-5819F640741A}.Debug|Any CPU.ActiveCfg = Debug|Any CPU
		{E03C7789-95E2-4EF6-BA05-5819F640741A}.Debug|Any CPU.Build.0 = Debug|Any CPU
		{E03C7789-95E2-4EF6-BA05-5819F640741A}.Release|Any CPU.ActiveCfg = Release|Any CPU
		{E03C7789-95E2-4EF6-BA05-5819F640741A}.Release|Any CPU.Build.0 = Release|Any CPU
		{AAE7BAA6-103F-4C9C-9149-9A47C2CBC51C}.Debug|Any CPU.ActiveCfg = Debug|Any CPU
		{AAE7BAA6-103F-4C9C-9149-9A47C2CBC51C}.Debug|Any CPU.Build.0 = Debug|Any CPU
		{AAE7BAA6-103F-4C9C-9149-9A47C2CBC51C}.Release|Any CPU.ActiveCfg = Release|Any CPU
		{AAE7BAA6-103F-4C9C-9149-9A47C2CBC51C}.Release|Any CPU.Build.0 = Release|Any CPU
		{DDBA7151-0A0D-4F79-8108-790593AC1251}.Debug|Any CPU.ActiveCfg = Debug|Any CPU
		{DDBA7151-0A0D-4F79-8108-790593AC1251}.Debug|Any CPU.Build.0 = Debug|Any CPU
		{DDBA7151-0A0D-4F79-8108-790593AC1251}.Release|Any CPU.ActiveCfg = Release|Any CPU
		{DDBA7151-0A0D-4F79-8108-790593AC1251}.Release|Any CPU.Build.0 = Release|Any CPU
		{7203774B-0930-4AB0-9FD8-B650A857E3BB}.Debug|Any CPU.ActiveCfg = Debug|Any CPU
		{7203774B-0930-4AB0-9FD8-B650A857E3BB}.Debug|Any CPU.Build.0 = Debug|Any CPU
		{7203774B-0930-4AB0-9FD8-B650A857E3BB}.Release|Any CPU.ActiveCfg = Release|Any CPU
		{7203774B-0930-4AB0-9FD8-B650A857E3BB}.Release|Any CPU.Build.0 = Release|Any CPU
		{B242D637-4280-49DC-906B-F4B200B3AEA8}.Debug|Any CPU.ActiveCfg = Debug|Any CPU
		{B242D637-4280-49DC-906B-F4B200B3AEA8}.Debug|Any CPU.Build.0 = Debug|Any CPU
		{B242D637-4280-49DC-906B-F4B200B3AEA8}.Release|Any CPU.ActiveCfg = Release|Any CPU
		{B242D637-4280-49DC-906B-F4B200B3AEA8}.Release|Any CPU.Build.0 = Release|Any CPU
		{E836705D-DF80-4B01-A845-FC1E06FB0C0F}.Debug|Any CPU.ActiveCfg = Debug|Any CPU
		{E836705D-DF80-4B01-A845-FC1E06FB0C0F}.Debug|Any CPU.Build.0 = Debug|Any CPU
		{E836705D-DF80-4B01-A845-FC1E06FB0C0F}.Release|Any CPU.ActiveCfg = Release|Any CPU
		{E836705D-DF80-4B01-A845-FC1E06FB0C0F}.Release|Any CPU.Build.0 = Release|Any CPU
		{BF5E76E2-A18D-41E7-B23C-80AB685863DE}.Debug|Any CPU.ActiveCfg = Debug|Any CPU
		{BF5E76E2-A18D-41E7-B23C-80AB685863DE}.Debug|Any CPU.Build.0 = Debug|Any CPU
		{BF5E76E2-A18D-41E7-B23C-80AB685863DE}.Release|Any CPU.ActiveCfg = Release|Any CPU
		{BF5E76E2-A18D-41E7-B23C-80AB685863DE}.Release|Any CPU.Build.0 = Release|Any CPU
		{2462BBD4-DDEF-44B5-A933-0CEAF28720EC}.Debug|Any CPU.ActiveCfg = Debug|Any CPU
		{2462BBD4-DDEF-44B5-A933-0CEAF28720EC}.Debug|Any CPU.Build.0 = Debug|Any CPU
		{2462BBD4-DDEF-44B5-A933-0CEAF28720EC}.Release|Any CPU.ActiveCfg = Release|Any CPU
		{2462BBD4-DDEF-44B5-A933-0CEAF28720EC}.Release|Any CPU.Build.0 = Release|Any CPU
		{DEA0EF16-B10E-4DF7-BABC-2424ADD04E86}.Debug|Any CPU.ActiveCfg = Debug|Any CPU
		{DEA0EF16-B10E-4DF7-BABC-2424ADD04E86}.Debug|Any CPU.Build.0 = Debug|Any CPU
		{DEA0EF16-B10E-4DF7-BABC-2424ADD04E86}.Release|Any CPU.ActiveCfg = Release|Any CPU
		{DEA0EF16-B10E-4DF7-BABC-2424ADD04E86}.Release|Any CPU.Build.0 = Release|Any CPU
		{57225877-7D1F-4EC5-B2A4-2CF9D4DD3EF4}.Debug|Any CPU.ActiveCfg = Debug|Any CPU
		{57225877-7D1F-4EC5-B2A4-2CF9D4DD3EF4}.Debug|Any CPU.Build.0 = Debug|Any CPU
		{57225877-7D1F-4EC5-B2A4-2CF9D4DD3EF4}.Release|Any CPU.ActiveCfg = Release|Any CPU
		{57225877-7D1F-4EC5-B2A4-2CF9D4DD3EF4}.Release|Any CPU.Build.0 = Release|Any CPU
		{2D3D07AE-CA4C-4340-99BD-F4ABC42B7DBF}.Debug|Any CPU.ActiveCfg = Debug|Any CPU
		{2D3D07AE-CA4C-4340-99BD-F4ABC42B7DBF}.Debug|Any CPU.Build.0 = Debug|Any CPU
		{2D3D07AE-CA4C-4340-99BD-F4ABC42B7DBF}.Release|Any CPU.ActiveCfg = Release|Any CPU
		{2D3D07AE-CA4C-4340-99BD-F4ABC42B7DBF}.Release|Any CPU.Build.0 = Release|Any CPU
		{9B11A02A-E1B5-4730-B567-E71703995E4C}.Debug|Any CPU.ActiveCfg = Debug|Any CPU
		{9B11A02A-E1B5-4730-B567-E71703995E4C}.Debug|Any CPU.Build.0 = Debug|Any CPU
		{9B11A02A-E1B5-4730-B567-E71703995E4C}.Release|Any CPU.ActiveCfg = Release|Any CPU
		{9B11A02A-E1B5-4730-B567-E71703995E4C}.Release|Any CPU.Build.0 = Release|Any CPU
		{7950430E-992E-4ACC-AA19-50471026ECA0}.Debug|Any CPU.ActiveCfg = Debug|Any CPU
		{7950430E-992E-4ACC-AA19-50471026ECA0}.Debug|Any CPU.Build.0 = Debug|Any CPU
		{7950430E-992E-4ACC-AA19-50471026ECA0}.Release|Any CPU.ActiveCfg = Release|Any CPU
		{7950430E-992E-4ACC-AA19-50471026ECA0}.Release|Any CPU.Build.0 = Release|Any CPU
		{028082D0-1A2B-423F-B921-7A3D210E7A21}.Debug|Any CPU.ActiveCfg = Debug|Any CPU
		{028082D0-1A2B-423F-B921-7A3D210E7A21}.Debug|Any CPU.Build.0 = Debug|Any CPU
		{028082D0-1A2B-423F-B921-7A3D210E7A21}.Release|Any CPU.ActiveCfg = Release|Any CPU
		{028082D0-1A2B-423F-B921-7A3D210E7A21}.Release|Any CPU.Build.0 = Release|Any CPU
		{8928528F-EAC5-4DD7-95BD-E28352998894}.Debug|Any CPU.ActiveCfg = Debug|Any CPU
		{8928528F-EAC5-4DD7-95BD-E28352998894}.Debug|Any CPU.Build.0 = Debug|Any CPU
		{8928528F-EAC5-4DD7-95BD-E28352998894}.Release|Any CPU.ActiveCfg = Release|Any CPU
		{8928528F-EAC5-4DD7-95BD-E28352998894}.Release|Any CPU.Build.0 = Release|Any CPU
		{DF95CBA2-E111-4D4D-99FC-047AA8869F23}.Debug|Any CPU.ActiveCfg = Debug|Any CPU
		{DF95CBA2-E111-4D4D-99FC-047AA8869F23}.Debug|Any CPU.Build.0 = Debug|Any CPU
		{DF95CBA2-E111-4D4D-99FC-047AA8869F23}.Release|Any CPU.ActiveCfg = Release|Any CPU
		{DF95CBA2-E111-4D4D-99FC-047AA8869F23}.Release|Any CPU.Build.0 = Release|Any CPU
		{9EF306C7-E0FA-4559-A88E-16EA829D6065}.Debug|Any CPU.ActiveCfg = Debug|Any CPU
		{9EF306C7-E0FA-4559-A88E-16EA829D6065}.Debug|Any CPU.Build.0 = Debug|Any CPU
		{9EF306C7-E0FA-4559-A88E-16EA829D6065}.Release|Any CPU.ActiveCfg = Release|Any CPU
		{9EF306C7-E0FA-4559-A88E-16EA829D6065}.Release|Any CPU.Build.0 = Release|Any CPU
		{E12B46D1-CC9E-4659-948C-09DD1378AF36}.Debug|Any CPU.ActiveCfg = Debug|Any CPU
		{E12B46D1-CC9E-4659-948C-09DD1378AF36}.Debug|Any CPU.Build.0 = Debug|Any CPU
		{E12B46D1-CC9E-4659-948C-09DD1378AF36}.Release|Any CPU.ActiveCfg = Release|Any CPU
		{E12B46D1-CC9E-4659-948C-09DD1378AF36}.Release|Any CPU.Build.0 = Release|Any CPU
		{BC2D49E3-5DD9-4DEC-A1E9-ABDD39EF4751}.Debug|Any CPU.ActiveCfg = Debug|Any CPU
		{BC2D49E3-5DD9-4DEC-A1E9-ABDD39EF4751}.Debug|Any CPU.Build.0 = Debug|Any CPU
		{BC2D49E3-5DD9-4DEC-A1E9-ABDD39EF4751}.Release|Any CPU.ActiveCfg = Release|Any CPU
		{BC2D49E3-5DD9-4DEC-A1E9-ABDD39EF4751}.Release|Any CPU.Build.0 = Release|Any CPU
		{5A193B2B-2157-442A-9D9B-E9956C2CC6A8}.Debug|Any CPU.ActiveCfg = Debug|Any CPU
		{5A193B2B-2157-442A-9D9B-E9956C2CC6A8}.Debug|Any CPU.Build.0 = Debug|Any CPU
		{5A193B2B-2157-442A-9D9B-E9956C2CC6A8}.Release|Any CPU.ActiveCfg = Release|Any CPU
		{5A193B2B-2157-442A-9D9B-E9956C2CC6A8}.Release|Any CPU.Build.0 = Release|Any CPU
		{D27FB49F-7B7F-44C9-8741-6E366A74C829}.Debug|Any CPU.ActiveCfg = Debug|Any CPU
		{D27FB49F-7B7F-44C9-8741-6E366A74C829}.Debug|Any CPU.Build.0 = Debug|Any CPU
		{D27FB49F-7B7F-44C9-8741-6E366A74C829}.Release|Any CPU.ActiveCfg = Release|Any CPU
		{D27FB49F-7B7F-44C9-8741-6E366A74C829}.Release|Any CPU.Build.0 = Release|Any CPU
		{6B6E99C3-55BF-480A-B14F-1E318E4ADC58}.Debug|Any CPU.ActiveCfg = Debug|Any CPU
		{6B6E99C3-55BF-480A-B14F-1E318E4ADC58}.Debug|Any CPU.Build.0 = Debug|Any CPU
		{6B6E99C3-55BF-480A-B14F-1E318E4ADC58}.Release|Any CPU.ActiveCfg = Release|Any CPU
		{6B6E99C3-55BF-480A-B14F-1E318E4ADC58}.Release|Any CPU.Build.0 = Release|Any CPU
		{0D3DF658-2716-47FD-BBB2-051A70B62130}.Debug|Any CPU.ActiveCfg = Debug|Any CPU
		{0D3DF658-2716-47FD-BBB2-051A70B62130}.Debug|Any CPU.Build.0 = Debug|Any CPU
		{0D3DF658-2716-47FD-BBB2-051A70B62130}.Release|Any CPU.ActiveCfg = Release|Any CPU
		{0D3DF658-2716-47FD-BBB2-051A70B62130}.Release|Any CPU.Build.0 = Release|Any CPU
		{105838BC-B7ED-4EC9-8630-9A6A65EA3910}.Debug|Any CPU.ActiveCfg = Debug|Any CPU
		{105838BC-B7ED-4EC9-8630-9A6A65EA3910}.Debug|Any CPU.Build.0 = Debug|Any CPU
		{105838BC-B7ED-4EC9-8630-9A6A65EA3910}.Release|Any CPU.ActiveCfg = Release|Any CPU
		{105838BC-B7ED-4EC9-8630-9A6A65EA3910}.Release|Any CPU.Build.0 = Release|Any CPU
		{263BBBC4-8D86-4FFF-A2D2-DC57833F87FE}.Debug|Any CPU.ActiveCfg = Debug|Any CPU
		{263BBBC4-8D86-4FFF-A2D2-DC57833F87FE}.Debug|Any CPU.Build.0 = Debug|Any CPU
		{263BBBC4-8D86-4FFF-A2D2-DC57833F87FE}.Release|Any CPU.ActiveCfg = Release|Any CPU
		{263BBBC4-8D86-4FFF-A2D2-DC57833F87FE}.Release|Any CPU.Build.0 = Release|Any CPU
		{9CDF374A-1787-4C4D-A739-41E29FBE7109}.Debug|Any CPU.ActiveCfg = Debug|Any CPU
		{9CDF374A-1787-4C4D-A739-41E29FBE7109}.Debug|Any CPU.Build.0 = Debug|Any CPU
		{9CDF374A-1787-4C4D-A739-41E29FBE7109}.Release|Any CPU.ActiveCfg = Release|Any CPU
		{9CDF374A-1787-4C4D-A739-41E29FBE7109}.Release|Any CPU.Build.0 = Release|Any CPU
		{52BDBD36-9F0A-44EB-BA62-7E4046DFF826}.Debug|Any CPU.ActiveCfg = Debug|Any CPU
		{52BDBD36-9F0A-44EB-BA62-7E4046DFF826}.Debug|Any CPU.Build.0 = Debug|Any CPU
		{52BDBD36-9F0A-44EB-BA62-7E4046DFF826}.Release|Any CPU.ActiveCfg = Release|Any CPU
		{52BDBD36-9F0A-44EB-BA62-7E4046DFF826}.Release|Any CPU.Build.0 = Release|Any CPU
		{DCB17128-F33E-4D4E-AC02-EFCA23B49613}.Debug|Any CPU.ActiveCfg = Debug|Any CPU
		{DCB17128-F33E-4D4E-AC02-EFCA23B49613}.Debug|Any CPU.Build.0 = Debug|Any CPU
		{DCB17128-F33E-4D4E-AC02-EFCA23B49613}.Release|Any CPU.ActiveCfg = Release|Any CPU
		{DCB17128-F33E-4D4E-AC02-EFCA23B49613}.Release|Any CPU.Build.0 = Release|Any CPU
		{0E13663A-A658-450A-90CF-1B1B92CE80F5}.Debug|Any CPU.ActiveCfg = Debug|Any CPU
		{0E13663A-A658-450A-90CF-1B1B92CE80F5}.Debug|Any CPU.Build.0 = Debug|Any CPU
		{0E13663A-A658-450A-90CF-1B1B92CE80F5}.Release|Any CPU.ActiveCfg = Release|Any CPU
		{0E13663A-A658-450A-90CF-1B1B92CE80F5}.Release|Any CPU.Build.0 = Release|Any CPU
	EndGlobalSection
	GlobalSection(SolutionProperties) = preSolution
		HideSolutionNode = FALSE
	EndGlobalSection
	GlobalSection(ExtensibilityGlobals) = postSolution
		SolutionGuid = {C970BC47-BDC6-4769-B2D9-BCB978038B1A}
	EndGlobalSection
EndGlobal
