
Microsoft Visual Studio Solution File, Format Version 12.00
# Visual Studio Version 17
VisualStudioVersion = 17.8.34601.278
MinimumVisualStudioVersion = 10.0.40219.1
Project("{9A19103F-16F7-4668-BE54-9A1E7A4F7556}") = "project_41_FirstMissingPositive", "project_41_FirstMissingPositive\project_41_FirstMissingPositive.csproj", "{2C64F053-ABE6-484C-9824-54D81166FF04}"
EndProject
Project("{9A19103F-16F7-4668-BE54-9A1E7A4F7556}") = "project_41_FirstMissingPositive_2", "project_41_FirstMissingPositive_2\project_41_FirstMissingPositive_2.csproj", "{02A7FBE3-6A45-48BD-B605-23EFF5065C1B}"
EndProject
Project("{9A19103F-16F7-4668-BE54-9A1E7A4F7556}") = "project_42_TrappingRainWater", "project_42_TrappingRainWater\project_42_TrappingRainWater.csproj", "{CCE9CEE8-E9C4-43ED-8675-8C4CE7287EE4}"
EndProject
Project("{9A19103F-16F7-4668-BE54-9A1E7A4F7556}") = "project_42_TrappingRainWater_2", "project_42_TrappingRainWater_2\project_42_TrappingRainWater_2.csproj", "{24C1B825-739B-4B5E-9477-A40306D81B2B}"
EndProject
Project("{9A19103F-16F7-4668-BE54-9A1E7A4F7556}") = "project_43_Multiply Strings", "project_43_Multiply Strings\project_43_Multiply Strings.csproj", "{D13890A3-321B-435C-98DB-375C16FF4D5B}"
EndProject
Project("{FAE04EC0-301F-11D3-BF4B-00C04F79EFBC}") = "project_42_TrappingRainWater_3", "project_42_TrappingRainWater_3\project_42_TrappingRainWater_3.csproj", "{C5254484-1755-4650-A320-857BF57E53E6}"
EndProject
Global
	GlobalSection(SolutionConfigurationPlatforms) = preSolution
		Debug|Any CPU = Debug|Any CPU
		Release|Any CPU = Release|Any CPU
	EndGlobalSection
	GlobalSection(ProjectConfigurationPlatforms) = postSolution
		{2C64F053-ABE6-484C-9824-54D81166FF04}.Debug|Any CPU.ActiveCfg = Debug|Any CPU
		{2C64F053-ABE6-484C-9824-54D81166FF04}.Debug|Any CPU.Build.0 = Debug|Any CPU
		{2C64F053-ABE6-484C-9824-54D81166FF04}.Release|Any CPU.ActiveCfg = Release|Any CPU
		{2C64F053-ABE6-484C-9824-54D81166FF04}.Release|Any CPU.Build.0 = Release|Any CPU
		{02A7FBE3-6A45-48BD-B605-23EFF5065C1B}.Debug|Any CPU.ActiveCfg = Debug|Any CPU
		{02A7FBE3-6A45-48BD-B605-23EFF5065C1B}.Debug|Any CPU.Build.0 = Debug|Any CPU
		{02A7FBE3-6A45-48BD-B605-23EFF5065C1B}.Release|Any CPU.ActiveCfg = Release|Any CPU
		{02A7FBE3-6A45-48BD-B605-23EFF5065C1B}.Release|Any CPU.Build.0 = Release|Any CPU
		{CCE9CEE8-E9C4-43ED-8675-8C4CE7287EE4}.Debug|Any CPU.ActiveCfg = Debug|Any CPU
		{CCE9CEE8-E9C4-43ED-8675-8C4CE7287EE4}.Debug|Any CPU.Build.0 = Debug|Any CPU
		{CCE9CEE8-E9C4-43ED-8675-8C4CE7287EE4}.Release|Any CPU.ActiveCfg = Release|Any CPU
		{CCE9CEE8-E9C4-43ED-8675-8C4CE7287EE4}.Release|Any CPU.Build.0 = Release|Any CPU
		{24C1B825-739B-4B5E-9477-A40306D81B2B}.Debug|Any CPU.ActiveCfg = Debug|Any CPU
		{24C1B825-739B-4B5E-9477-A40306D81B2B}.Debug|Any CPU.Build.0 = Debug|Any CPU
		{24C1B825-739B-4B5E-9477-A40306D81B2B}.Release|Any CPU.ActiveCfg = Release|Any CPU
		{24C1B825-739B-4B5E-9477-A40306D81B2B}.Release|Any CPU.Build.0 = Release|Any CPU
		{D13890A3-321B-435C-98DB-375C16FF4D5B}.Debug|Any CPU.ActiveCfg = Debug|Any CPU
		{D13890A3-321B-435C-98DB-375C16FF4D5B}.Debug|Any CPU.Build.0 = Debug|Any CPU
		{D13890A3-321B-435C-98DB-375C16FF4D5B}.Release|Any CPU.ActiveCfg = Release|Any CPU
		{D13890A3-321B-435C-98DB-375C16FF4D5B}.Release|Any CPU.Build.0 = Release|Any CPU
		{C5254484-1755-4650-A320-857BF57E53E6}.Debug|Any CPU.ActiveCfg = Debug|Any CPU
		{C5254484-1755-4650-A320-857BF57E53E6}.Debug|Any CPU.Build.0 = Debug|Any CPU
		{C5254484-1755-4650-A320-857BF57E53E6}.Release|Any CPU.ActiveCfg = Release|Any CPU
		{C5254484-1755-4650-A320-857BF57E53E6}.Release|Any CPU.Build.0 = Release|Any CPU
	EndGlobalSection
	GlobalSection(SolutionProperties) = preSolution
		HideSolutionNode = FALSE
	EndGlobalSection
	GlobalSection(ExtensibilityGlobals) = postSolution
		SolutionGuid = {C970BC47-BDC6-4769-B2D9-BCB978038B1A}
	EndGlobalSection
EndGlobal
